
Microsoft Visual Studio Solution File, Format Version 12.00
# Visual Studio 15
VisualStudioVersion = 15.0.28307.1433
MinimumVisualStudioVersion = 10.0.40219.1
Project("{F14B399A-7131-4C87-9E4B-1186C45EF12D}") = "CRMREPORTS", "CRMREPORTS\CRMREPORTS.rptproj", "{4BBC5311-C313-49DA-AD19-CDDC8C445721}"
EndProject
Global
	GlobalSection(SolutionConfigurationPlatforms) = preSolution
		Debug|Default = Debug|Default
		DebugLocal|Default = DebugLocal|Default
		Release|Default = Release|Default
	EndGlobalSection
	GlobalSection(ProjectConfigurationPlatforms) = postSolution
		{4BBC5311-C313-49DA-AD19-CDDC8C445721}.Debug|Default.ActiveCfg = Debug
		{4BBC5311-C313-49DA-AD19-CDDC8C445721}.Debug|Default.Build.0 = Debug
		{4BBC5311-C313-49DA-AD19-CDDC8C445721}.Debug|Default.Deploy.0 = Debug
		{4BBC5311-C313-49DA-AD19-CDDC8C445721}.DebugLocal|Default.ActiveCfg = DebugLocal
		{4BBC5311-C313-49DA-AD19-CDDC8C445721}.DebugLocal|Default.Build.0 = DebugLocal
		{4BBC5311-C313-49DA-AD19-CDDC8C445721}.Release|Default.ActiveCfg = Release
		{4BBC5311-C313-49DA-AD19-CDDC8C445721}.Release|Default.Build.0 = Release
		{4BBC5311-C313-49DA-AD19-CDDC8C445721}.Release|Default.Deploy.0 = Release
	EndGlobalSection
	GlobalSection(SolutionProperties) = preSolution
		HideSolutionNode = FALSE
	EndGlobalSection
	GlobalSection(ExtensibilityGlobals) = postSolution
		SolutionGuid = {BA18E96C-8484-4C65-AF14-47004398BC86}
	EndGlobalSection
EndGlobal
